
Microsoft Visual Studio Solution File, Format Version 12.00
# Visual Studio Version 16
VisualStudioVersion = 16.0.29806.167
MinimumVisualStudioVersion = 10.0.40219.1
Project("{FAE04EC0-301F-11D3-BF4B-00C04F79EFBC}") = "Ksis", "Ksis\Ksis.csproj", "{8957E158-E37F-4D3F-A756-1A8A69B66461}"
EndProject
Global
	GlobalSection(SolutionConfigurationPlatforms) = preSolution
		Debug|Any CPU = Debug|Any CPU
		Release|Any CPU = Release|Any CPU
	EndGlobalSection
	GlobalSection(ProjectConfigurationPlatforms) = postSolution
		{8957E158-E37F-4D3F-A756-1A8A69B66461}.Debug|Any CPU.ActiveCfg = Debug|Any CPU
		{8957E158-E37F-4D3F-A756-1A8A69B66461}.Debug|Any CPU.Build.0 = Debug|Any CPU
		{8957E158-E37F-4D3F-A756-1A8A69B66461}.Release|Any CPU.ActiveCfg = Release|Any CPU
		{8957E158-E37F-4D3F-A756-1A8A69B66461}.Release|Any CPU.Build.0 = Release|Any CPU
	EndGlobalSection
	GlobalSection(SolutionProperties) = preSolution
		HideSolutionNode = FALSE
	EndGlobalSection
	GlobalSection(ExtensibilityGlobals) = postSolution
		SolutionGuid = {36F324D6-ED10-428B-A3FA-5BAE7B24FD26}
	EndGlobalSection
EndGlobal
